
Microsoft Visual Studio Solution File, Format Version 12.00
# Visual Studio Version 16
VisualStudioVersion = 16.0.30804.86
MinimumVisualStudioVersion = 10.0.40219.1
Project("{FAE04EC0-301F-11D3-BF4B-00C04F79EFBC}") = "WebApp2", "WebApp2\WebApp2.csproj", "{33FE4591-17CC-43D1-BF90-72D8E074B813}"
EndProject
Global
	GlobalSection(SolutionConfigurationPlatforms) = preSolution
		Debug|Any CPU = Debug|Any CPU
		Release|Any CPU = Release|Any CPU
	EndGlobalSection
	GlobalSection(ProjectConfigurationPlatforms) = postSolution
		{33FE4591-17CC-43D1-BF90-72D8E074B813}.Debug|Any CPU.ActiveCfg = Debug|Any CPU
		{33FE4591-17CC-43D1-BF90-72D8E074B813}.Debug|Any CPU.Build.0 = Debug|Any CPU
		{33FE4591-17CC-43D1-BF90-72D8E074B813}.Release|Any CPU.ActiveCfg = Release|Any CPU
		{33FE4591-17CC-43D1-BF90-72D8E074B813}.Release|Any CPU.Build.0 = Release|Any CPU
	EndGlobalSection
	GlobalSection(SolutionProperties) = preSolution
		HideSolutionNode = FALSE
	EndGlobalSection
	GlobalSection(ExtensibilityGlobals) = postSolution
		SolutionGuid = {6492C7C0-28FB-47EC-BB1E-CEA93C530BDC}
	EndGlobalSection
EndGlobal
